
Microsoft Visual Studio Solution File, Format Version 12.00
# Visual Studio Version 16
VisualStudioVersion = 16.0.32510.428
MinimumVisualStudioVersion = 10.0.40219.1
Project("{FAE04EC0-301F-11D3-BF4B-00C04F79EFBC}") = "Scaffholding Techniques", "Scaffholding Techniques\Scaffholding Techniques.csproj", "{66E5892A-2AF7-473A-AD58-A49BF8648199}"
EndProject
Global
	GlobalSection(SolutionConfigurationPlatforms) = preSolution
		Debug|Any CPU = Debug|Any CPU
		Release|Any CPU = Release|Any CPU
	EndGlobalSection
	GlobalSection(ProjectConfigurationPlatforms) = postSolution
		{66E5892A-2AF7-473A-AD58-A49BF8648199}.Debug|Any CPU.ActiveCfg = Debug|Any CPU
		{66E5892A-2AF7-473A-AD58-A49BF8648199}.Debug|Any CPU.Build.0 = Debug|Any CPU
		{66E5892A-2AF7-473A-AD58-A49BF8648199}.Release|Any CPU.ActiveCfg = Release|Any CPU
		{66E5892A-2AF7-473A-AD58-A49BF8648199}.Release|Any CPU.Build.0 = Release|Any CPU
	EndGlobalSection
	GlobalSection(SolutionProperties) = preSolution
		HideSolutionNode = FALSE
	EndGlobalSection
	GlobalSection(ExtensibilityGlobals) = postSolution
		SolutionGuid = {9F10C5B0-594F-4998-BECB-5CD09B3AE368}
	EndGlobalSection
EndGlobal
